# This file is automatically @generated by Cargo.
# It is not intended for manual editing.
version = 4

[[package]]
name = "overrid-cli"
version = "0.1.0"
dependencies = [
 "overrid-contracts",
 "overrid-sdk",
]

[[package]]
name = "overrid-contracts"
version = "0.1.0"

[[package]]
name = "overrid-sdk"
version = "0.1.0"
dependencies = [
 "overrid-contracts",
]
